PODS:
  - Alamofire (4.7.3)
  - AlamofireImage (3.4.1):
    - Alamofire (~> 4.7)
  - AlamofireNetworkLayer (0.1.0):
    - Alamofire

DEPENDENCIES:
  - Alamofire
  - AlamofireImage
  - AlamofireNetworkLayer (from `./AlamofireNetwork`)

SPEC REPOS:
  https://github.com/cocoapods/specs.git:
    - Alamofire
    - AlamofireImage

EXTERNAL SOURCES:
  AlamofireNetworkLayer:
    :path: "./AlamofireNetwork"

SPEC CHECKSUMS:
  Alamofire: c7287b6e5d7da964a70935e5db17046b7fde6568
  AlamofireImage: 78d67ccbb763d87ba44b21583d2153500a195630
  AlamofireNetworkLayer: c540b7f8c540c4f45054a86e18e84b90c0a54ac5

PODFILE CHECKSUM: ea8b3495e1a86c3eb83046ea9c991e49231f73f4

COCOAPODS: 1.5.3
